<Solution>
  <Folder Name="/src/">
    <Project Path="src/Eizo.Playback.Abstractions/Eizo.Playback.Abstractions.csproj" />
    <Project Path="src/Eizo.Playback.Core/Eizo.Playback.Core.csproj" />
    <Project Path="src/Eizo.Playback.LibVLC/Eizo.Playback.LibVLC.csproj" />
    <Project Path="src/Eizo.Playback.LibVLC.WinUI/Eizo.Playback.LibVLC.WinUI.csproj" />
  </Folder>
  <Folder Name="/tests/">
    <Project Path="tests/Eizo.Playback.Core.Tests/Eizo.Playback.Core.Tests.csproj" />
    <Project Path="tests/Eizo.Playback.LibVLC.Tests/Eizo.Playback.LibVLC.Tests.csproj" />
    <Project Path="tests/Eizo.Playback.LibVLC.WinUI.Tests/Eizo.Playback.LibVLC.WinUI.Tests.csproj" />
  </Folder>
  <Folder Name="/Solution Items/">
    <File Path=".editorconfig" />
    <File Path="Directory.Build.props" />
    <File Path="Directory.Packages.props" />
    <File Path="global.json" />
    <File Path="README.md" />
  </Folder>
</Solution>
